
Microsoft Visual Studio Solution File, Format Version 12.00
# Visual Studio Version 17
VisualStudioVersion = 17.11.35312.102
MinimumVisualStudioVersion = 10.0.40219.1
Project("{9A19103F-16F7-4668-BE54-9A1E7A4F7556}") = "QuizHub-api", "QuizHub-api\QuizHub-api.csproj", "{159F626C-9A53-4BE0-8EC0-A72127EE6643}"
EndProject
Project("{9A19103F-16F7-4668-BE54-9A1E7A4F7556}") = "QuizHub.Domain", "QuizHub.Domain\QuizHub.Domain.csproj", "{593132C9-056E-491A-A579-331C0F342F47}"
EndProject
Project("{FAE04EC0-301F-11D3-BF4B-00C04F79EFBC}") = "QuizHub.Infrastructure", "QuizHub.Infrastructure\QuizHub.Infrastructure.csproj", "{69D11F86-5CC4-4B50-8DBA-12DA722AA36B}"
EndProject
Global
	GlobalSection(SolutionConfigurationPlatforms) = preSolution
		Debug|Any CPU = Debug|Any CPU
		Release|Any CPU = Release|Any CPU
	EndGlobalSection
	GlobalSection(ProjectConfigurationPlatforms) = postSolution
		{159F626C-9A53-4BE0-8EC0-A72127EE6643}.Debug|Any CPU.ActiveCfg = Debug|Any CPU
		{159F626C-9A53-4BE0-8EC0-A72127EE6643}.Debug|Any CPU.Build.0 = Debug|Any CPU
		{159F626C-9A53-4BE0-8EC0-A72127EE6643}.Release|Any CPU.ActiveCfg = Release|Any CPU
		{159F626C-9A53-4BE0-8EC0-A72127EE6643}.Release|Any CPU.Build.0 = Release|Any CPU
		{593132C9-056E-491A-A579-331C0F342F47}.Debug|Any CPU.ActiveCfg = Debug|Any CPU
		{593132C9-056E-491A-A579-331C0F342F47}.Debug|Any CPU.Build.0 = Debug|Any CPU
		{593132C9-056E-491A-A579-331C0F342F47}.Release|Any CPU.ActiveCfg = Release|Any CPU
		{593132C9-056E-491A-A579-331C0F342F47}.Release|Any CPU.Build.0 = Release|Any CPU
		{69D11F86-5CC4-4B50-8DBA-12DA722AA36B}.Debug|Any CPU.ActiveCfg = Debug|Any CPU
		{69D11F86-5CC4-4B50-8DBA-12DA722AA36B}.Debug|Any CPU.Build.0 = Debug|Any CPU
		{69D11F86-5CC4-4B50-8DBA-12DA722AA36B}.Release|Any CPU.ActiveCfg = Release|Any CPU
		{69D11F86-5CC4-4B50-8DBA-12DA722AA36B}.Release|Any CPU.Build.0 = Release|Any CPU
	EndGlobalSection
	GlobalSection(SolutionProperties) = preSolution
		HideSolutionNode = FALSE
	EndGlobalSection
	GlobalSection(ExtensibilityGlobals) = postSolution
		SolutionGuid = {1A3EFB9E-E0BA-4C18-9AD5-D541998A4F21}
	EndGlobalSection
EndGlobal
